// !$*UTF8*$!
{
	archiveVersion = 1;
	classes = {
	};
	objectVersion = 46;
	objects = {

/* Begin PBXBuildFile section */
		68A43AC91E94E8E200B60760 /* AppDelegate.swift in Sources */ = {isa = PBXBuildFile; fileRef = 68A43AC81E94E8E200B60760 /* AppDelegate.swift */; };
		68A43ACB1E94E8E200B60760 /* ViewController.swift in Sources */ = {isa = PBXBuildFile; fileRef = 68A43ACA1E94E8E200B60760 /* ViewController.swift */; };
		68A43ACE1E94E8E200B60760 /* Main.storyboard in Resources */ = {isa = PBXBuildFile; fileRef = 68A43ACC1E94E8E200B60760 /* Main.storyboard */; };
		68A43AD01E94E8E200B60760 /* Assets.xcassets in Resources */ = {isa = PBXBuildFile; fileRef = 68A43ACF1E94E8E200B60760 /* Assets.xcassets */; };
		68A43AD31E94E8E200B60760 /* LaunchScreen.storyboard in Resources */ = {isa = PBXBuildFile; fileRef = 68A43AD11E94E8E200B60760 /* LaunchScreen.storyboard */; };
/* End PBXBuildFile section */

/* Begin PBXFileReference section */
		68A43AC51E94E8E200B60760 /* RSSClient.app */ = {isa = PBXFileReference; explicitFileType = wrapper.application; includeInIndex = 0; path = RSSClient.app; sourceTree = BUILT_PRODUCTS_DIR; };
		68A43AC81E94E8E200B60760 /* AppDelegate.swift */ = {isa = PBXFileReference; lastKnownFileType = sourcecode.swift; path = AppDelegate.swift; sourceTree = "<group>"; };
		68A43ACA1E94E8E200B60760 /* ViewController.swift */ = {isa = PBXFileReference; lastKnownFileType = sourcecode.swift; path = ViewController.swift; sourceTree = "<group>"; };
		68A43ACD1E94E8E200B60760 /* Base */ = {isa = PBXFileReference; lastKnownFileType = file.storyboard; name = Base; path = Base.lproj/Main.storyboard; sourceTree = "<group>"; };
		68A43ACF1E94E8E200B60760 /* Assets.xcassets */ = {isa = PBXFileReference; lastKnownFileType = folder.assetcatalog; path = Assets.xcassets; sourceTree = "<group>"; };
		68A43AD21E94E8E200B60760 /* Base */ = {isa = PBXFileReference; lastKnownFileType = file.storyboard; name = Base; path = Base.lproj/LaunchScreen.storyboard; sourceTree = "<group>"; };
		68A43AD41E94E8E200B60760 /* Info.plist */ = {isa = PBXFileReference; lastKnownFileType = text.plist.xml; path = Info.plist; sourceTree = "<group>"; };
/* End PBXFileReference section */

/* Begin PBXFrameworksBuildPhase section */
		68A43AC21E94E8E200B60760 /* Frameworks */ = {
			isa = PBXFrameworksBuildPhase;
			buildActionMask = 2147483647;
			files = (
			);
			runOnlyForDeploymentPostprocessing = 0;
		};
/* End PBXFrameworksBuildPhase section */

/* Begin PBXGroup section */
		68A43ABC1E94E8E200B60760 = {
			isa = PBXGroup;
			children = (
				68A43AC71E94E8E200B60760 /* RSSClient */,
				68A43AC61E94E8E200B60760 /* Products */,
			);
			sourceTree = "<group>";
		};
		68A43AC61E94E8E200B60760 /* Products */ = {
			isa = PBXGroup;
			children = (
				68A43AC51E94E8E200B60760 /* RSSClient.app */,
			);
			name = Products;
			sourceTree = "<group>";
		};
		68A43AC71E94E8E200B60760 /* RSSClient */ = {
			isa = PBXGroup;
			children = (
				68A43AC81E94E8E200B60760 /* AppDelegate.swift */,
				68A43ACA1E94E8E200B60760 /* ViewController.swift */,
				68A43ACC1E94E8E200B60760 /* Main.storyboard */,
				68A43ACF1E94E8E200B60760 /* Assets.xcassets */,
				68A43AD11E94E8E200B60760 /* LaunchScreen.storyboard */,
				68A43AD41E94E8E200B60760 /* Info.plist */,
			);
			path = RSSClient;
			sourceTree = "<group>";
		};
/* End PBXGroup section */

/* Begin PBXNativeTarget section */
		68A43AC41E94E8E200B60760 /* RSSClient */ = {
			isa = PBXNativeTarget;
			buildConfigurationList = 68A43AD71E94E8E200B60760 /* Build configuration list for PBXNativeTarget "RSSClient" */;
			buildPhases = (
				68A43AC11E94E8E200B60760 /* Sources */,
				68A43AC21E94E8E200B60760 /* Frameworks */,
				68A43AC31E94E8E200B60760 /* Resources */,
			);
			buildRules = (
			);
			dependencies = (
			);
			name = RSSClient;
			productName = RSSClient;
			productReference = 68A43AC51E94E8E200B60760 /* RSSClient.app */;
			productType = "com.apple.product-type.application";
		};
/* End PBXNativeTarget section */

/* Begin PBXProject section */
		68A43ABD1E94E8E200B60760 /* Project object */ = {
			isa = PBXProject;
			attributes = {
				LastSwiftUpdateCheck = 0820;
				LastUpgradeCheck = 0820;
				ORGANIZATIONNAME = "Дмитрий";
				TargetAttributes = {
					68A43AC41E94E8E200B60760 = {
						CreatedOnToolsVersion = 8.2.1;
						ProvisioningStyle = Automatic;
					};
				};
			};
			buildConfigurationList = 68A43AC01E94E8E200B60760 /* Build configuration list for PBXProject "RSSClient" */;
			compatibilityVersion = "Xcode 3.2";
			developmentRegion = English;
			hasScannedForEncodings = 0;
			knownRegions = (
				en,
				Base,
			);
			mainGroup = 68A43ABC1E94E8E200B60760;
			productRefGroup = 68A43AC61E94E8E200B60760 /* Products */;
			projectDirPath = "";
			projectRoot = "";
			targets = (
				68A43AC41E94E8E200B60760 /* RSSClient */,
			);
		};
/* End PBXProject section */

/* Begin PBXResourcesBuildPhase section */
		68A43AC31E94E8E200B60760 /* Resources */ = {
			isa = PBXResourcesBuildPhase;
			buildActionMask = 2147483647;
			files = (
				68A43AD31E94E8E200B60760 /* LaunchScreen.storyboard in Resources */,
				68A43AD01E94E8E200B60760 /* Assets.xcassets in Resources */,
				68A43ACE1E94E8E200B60760 /* Main.storyboard in Resources */,
			);
			runOnlyForDeploymentPostprocessing = 0;
		};
/* End PBXResourcesBuildPhase section */

/* Begin PBXSourcesBuildPhase section */
		68A43AC11E94E8E200B60760 /* Sources */ = {
			isa = PBXSourcesBuildPhase;
			buildActionMask = 2147483647;
			files = (
				68A43ACB1E94E8E200B60760 /* ViewController.swift in Sources */,
				68A43AC91E94E8E200B60760 /* AppDelegate.swift in Sources */,
			);
			runOnlyForDeploymentPostprocessing = 0;
		};
/* End PBXSourcesBuildPhase section */

/* Begin PBXVariantGroup section */
		68A43ACC1E94E8E200B60760 /* Main.storyboard */ = {
			isa = PBXVariantGroup;
			children = (
				68A43ACD1E94E8E200B60760 /* Base */,
			);
			name = Main.storyboard;
			sourceTree = "<group>";
		};
		68A43AD11E94E8E200B60760 /* LaunchScreen.storyboard */ = {
			isa = PBXVariantGroup;
			children = (
				68A43AD21E94E8E200B60760 /* Base */,
			);
			name = LaunchScreen.storyboard;
			sourceTree = "<group>";
		};
/* End PBXVariantGroup section */

/* Begin XCBuildConfiguration section */
		68A43AD51E94E8E200B60760 /* Debug */ = {
			isa = XCBuildConfiguration;
			buildSettings = {
				ALWAYS_SEARCH_USER_PATHS = NO;
				CLANG_ANALYZER_NONNULL = YES;
				CLANG_CXX_LANGUAGE_STANDARD = "gnu++0x";
				CLANG_CXX_LIBRARY = "libc++";
				CLANG_ENABLE_MODULES = YES;
				CLANG_ENABLE_OBJC_ARC = YES;
				CLANG_WARN_BOOL_CONVERSION = YES;
				CLANG_WARN_CONSTANT_CONVERSION = YES;
				CLANG_WARN_DIRECT_OBJC_ISA_USAGE = YES_ERROR;
				CLANG_WARN_DOCUMENTATION_COMMENTS = YES;
				CLANG_WARN_EMPTY_BODY = YES;
				CLANG_WARN_ENUM_CONVERSION = YES;
				CLANG_WARN_INFINITE_RECURSION = YES;
				CLANG_WARN_INT_CONVERSION = YES;
				CLANG_WARN_OBJC_ROOT_CLASS = YES_ERROR;
				CLANG_WARN_SUSPICIOUS_MOVE = YES;
				CLANG_WARN_UNREACHABLE_CODE = YES;
				CLANG_WARN__DUPLICATE_METHOD_MATCH = YES;
				"CODE_SIGN_IDENTITY[sdk=iphoneos*]" = "iPhone Developer";
				COPY_PHASE_STRIP = NO;
				DEBUG_INFORMATION_FORMAT = dwarf;
				ENABLE_STRICT_OBJC_MSGSEND = YES;
				ENABLE_TESTABILITY = YES;
				GCC_C_LANGUAGE_STANDARD = gnu99;
				GCC_DYNAMIC_NO_PIC = NO;
				GCC_NO_COMMON_BLOCKS = YES;
				GCC_OPTIMIZATION_LEVEL = 0;
				GCC_PREPROCESSOR_DEFINITIONS = (
					"DEBUG=1",
					"$(inherited)",
				);
				GCC_WARN_64_TO_32_BIT_CONVERSION = YES;
				GCC_WARN_ABOUT_RETURN_TYPE = YES_ERROR;
				GCC_WARN_UNDECLARED_SELECTOR = YES;
				GCC_WARN_UNINITIALIZED_AUTOS = YES_AGGRESSIVE;
				GCC_WARN_UNUSED_FUNCTION = YES;
				GCC_WARN_UNUSED_VARIABLE = YES;
				IPHONEOS_DEPLOYMENT_TARGET = 10.2;
				MTL_ENABLE_DEBUG_INFO = YES;
				ONLY_ACTIVE_ARCH = YES;
				SDKROOT = iphoneos;
				SWIFT_ACTIVE_COMPILATION_CONDITIONS = DEBUG;
				SWIFT_OPTIMIZATION_LEVEL = "-Onone";
			};
			name = Debug;
		};
		68A43AD61E94E8E200B60760 /* Release */ = {
			isa = XCBuildConfiguration;
			buildSettings = {
				ALWAYS_SEARCH_USER_PATHS = NO;
				CLANG_ANALYZER_NONNULL = YES;
				CLANG_CXX_LANGUAGE_STANDARD = "gnu++0x";
				CLANG_CXX_LIBRARY = "libc++";
				CLANG_ENABLE_MODULES = YES;
				CLANG_ENABLE_OBJC_ARC = YES;
				CLANG_WARN_BOOL_CONVERSION = YES;
				CLANG_WARN_CONSTANT_CONVERSION = YES;
				CLANG_WARN_DIRECT_OBJC_ISA_USAGE = YES_ERROR;
				CLANG_WARN_DOCUMENTATION_COMMENTS = YES;
				CLANG_WARN_EMPTY_BODY = YES;
				CLANG_WARN_ENUM_CONVERSION = YES;
				CLANG_WARN_INFINITE_RECURSION = YES;
				CLANG_WARN_INT_CONVERSION = YES;
				CLANG_WARN_OBJC_ROOT_CLASS = YES_ERROR;
				CLANG_WARN_SUSPICIOUS_MOVE = YES;
				CLANG_WARN_UNREACHABLE_CODE = YES;
				CLANG_WARN__DUPLICATE_METHOD_MATCH = YES;
				"CODE_SIGN_IDENTITY[sdk=iphoneos*]" = "iPhone Developer";
				COPY_PHASE_STRIP = NO;
				DEBUG_INFORMATION_FORMAT = "dwarf-with-dsym";
				ENABLE_NS_ASSERTIONS = NO;
				ENABLE_STRICT_OBJC_MSGSEND = YES;
				GCC_C_LANGUAGE_STANDARD = gnu99;
				GCC_NO_COMMON_BLOCKS = YES;
				GCC_WARN_64_TO_32_BIT_CONVERSION = YES;
				GCC_WARN_ABOUT_RETURN_TYPE = YES_ERROR;
				GCC_WARN_UNDECLARED_SELECTOR = YES;
				GCC_WARN_UNINITIALIZED_AUTOS = YES_AGGRESSIVE;
				GCC_WARN_UNUSED_FUNCTION = YES;
				GCC_WARN_UNUSED_VARIABLE = YES;
				IPHONEOS_DEPLOYMENT_TARGET = 10.2;
				MTL_ENABLE_DEBUG_INFO = NO;
				SDKROOT = iphoneos;
				SWIFT_OPTIMIZATION_LEVEL = "-Owholemodule";
				VALIDATE_PRODUCT = YES;
			};
			name = Release;
		};
		68A43AD81E94E8E200B60760 /* Debug */ = {
			isa = XCBuildConfiguration;
			buildSettings = {
				ASSETCATALOG_COMPILER_APPICON_NAME = AppIcon;
				INFOPLIST_FILE = RSSClient/Info.plist;
				LD_RUNPATH_SEARCH_PATHS = "$(inherited) @executable_path/Frameworks";
				PRODUCT_BUNDLE_IDENTIFIER = dmitryfroli.RSSClient;
				PRODUCT_NAME = "$(TARGET_NAME)";
				SWIFT_VERSION = 3.0;
			};
			name = Debug;
		};
		68A43AD91E94E8E200B60760 /* Release */ = {
			isa = XCBuildConfiguration;
			buildSettings = {
				ASSETCATALOG_COMPILER_APPICON_NAME = AppIcon;
				INFOPLIST_FILE = RSSClient/Info.plist;
				LD_RUNPATH_SEARCH_PATHS = "$(inherited) @executable_path/Frameworks";
				PRODUCT_BUNDLE_IDENTIFIER = dmitryfroli.RSSClient;
				PRODUCT_NAME = "$(TARGET_NAME)";
				SWIFT_VERSION = 3.0;
			};
			name = Release;
		};
/* End XCBuildConfiguration section */

/* Begin XCConfigurationList section */
		68A43AC01E94E8E200B60760 /* Build configuration list for PBXProject "RSSClient" */ = {
			isa = XCConfigurationList;
			buildConfigurations = (
				68A43AD51E94E8E200B60760 /* Debug */,
				68A43AD61E94E8E200B60760 /* Release */,
			);
			defaultConfigurationIsVisible = 0;
			defaultConfigurationName = Release;
		};
		68A43AD71E94E8E200B60760 /* Build configuration list for PBXNativeTarget "RSSClient" */ = {
			isa = XCConfigurationList;
			buildConfigurations = (
				68A43AD81E94E8E200B60760 /* Debug */,
				68A43AD91E94E8E200B60760 /* Release */,
			);
			defaultConfigurationIsVisible = 0;
		};
/* End XCConfigurationList section */
	};
	rootObject = 68A43ABD1E94E8E200B60760 /* Project object */;
}
